Microsoft Visual Studio Solution File, Format Version 12.00
# Visual Studio 2012
Project("{FAE04EC0-301F-11D3-BF4B-00C04F79EFBC}") = "TutorialIntegratedCSharp", "TutorialIntegratedCSharp.csproj", "{5ED3E0F9-1648-4733-AB32-430833A7777C}"
EndProject
Project("{FAE04EC0-301F-11D3-BF4B-00C04F79EFBC}") = "GodotGdkCSharp", "..\..\addons\godot_gdk_csharp\GodotGdkCSharp.csproj", "{C34EE5FA-2ADE-4F6F-A62B-A9966B2AE318}"
EndProject
Project("{FAE04EC0-301F-11D3-BF4B-00C04F79EFBC}") = "GodotPlayFabCSharp", "..\..\addons\godot_playfab_csharp\GodotPlayFabCSharp.csproj", "{5B11253E-CF9A-414E-BF4C-8AC65981E2B8}"
EndProject
Global
	GlobalSection(SolutionConfigurationPlatforms) = preSolution
		Debug|Any CPU = Debug|Any CPU
		ExportDebug|Any CPU = ExportDebug|Any CPU
		ExportRelease|Any CPU = ExportRelease|Any CPU
	EndGlobalSection
	GlobalSection(ProjectConfigurationPlatforms) = postSolution
		{5ED3E0F9-1648-4733-AB32-430833A7777C}.Debug|Any CPU.ActiveCfg = Debug|Any CPU
		{5ED3E0F9-1648-4733-AB32-430833A7777C}.Debug|Any CPU.Build.0 = Debug|Any CPU
		{5ED3E0F9-1648-4733-AB32-430833A7777C}.ExportDebug|Any CPU.ActiveCfg = ExportDebug|Any CPU
		{5ED3E0F9-1648-4733-AB32-430833A7777C}.ExportDebug|Any CPU.Build.0 = ExportDebug|Any CPU
		{5ED3E0F9-1648-4733-AB32-430833A7777C}.ExportRelease|Any CPU.ActiveCfg = ExportRelease|Any CPU
		{5ED3E0F9-1648-4733-AB32-430833A7777C}.ExportRelease|Any CPU.Build.0 = ExportRelease|Any CPU
		{C34EE5FA-2ADE-4F6F-A62B-A9966B2AE318}.Debug|Any CPU.ActiveCfg = Debug|Any CPU
		{C34EE5FA-2ADE-4F6F-A62B-A9966B2AE318}.Debug|Any CPU.Build.0 = Debug|Any CPU
		{C34EE5FA-2ADE-4F6F-A62B-A9966B2AE318}.ExportDebug|Any CPU.ActiveCfg = ExportDebug|Any CPU
		{C34EE5FA-2ADE-4F6F-A62B-A9966B2AE318}.ExportDebug|Any CPU.Build.0 = ExportDebug|Any CPU
		{C34EE5FA-2ADE-4F6F-A62B-A9966B2AE318}.ExportRelease|Any CPU.ActiveCfg = ExportRelease|Any CPU
		{C34EE5FA-2ADE-4F6F-A62B-A9966B2AE318}.ExportRelease|Any CPU.Build.0 = ExportRelease|Any CPU
		{5B11253E-CF9A-414E-BF4C-8AC65981E2B8}.Debug|Any CPU.ActiveCfg = Debug|Any CPU
		{5B11253E-CF9A-414E-BF4C-8AC65981E2B8}.Debug|Any CPU.Build.0 = Debug|Any CPU
		{5B11253E-CF9A-414E-BF4C-8AC65981E2B8}.ExportDebug|Any CPU.ActiveCfg = ExportDebug|Any CPU
		{5B11253E-CF9A-414E-BF4C-8AC65981E2B8}.ExportDebug|Any CPU.Build.0 = ExportDebug|Any CPU
		{5B11253E-CF9A-414E-BF4C-8AC65981E2B8}.ExportRelease|Any CPU.ActiveCfg = ExportRelease|Any CPU
		{5B11253E-CF9A-414E-BF4C-8AC65981E2B8}.ExportRelease|Any CPU.Build.0 = ExportRelease|Any CPU
	EndGlobalSection
	GlobalSection(SolutionProperties) = preSolution
		HideSolutionNode = FALSE
	EndGlobalSection
EndGlobal
